{
  "version": 4,
  "terraform_version": "1.1.6",
  "serial": 7,
  "lineage": "435bb6b7-93ec-3421-9f4f-a95ebd64d62d",
  "outputs": {},
  "resources": [
    {
      "mode": "managed",
      "type": "google_container_cluster",
      "name": "primary",
      "provider": "provider[\"registry.terraform.io/hashicorp/google\"]",
      "instances": [
        {
          "schema_version": 1,
          "attributes": {
            "addons_config": [
              {
                "cloudrun_config": [],
                "gcp_filestore_csi_driver_config": [],
                "horizontal_pod_autoscaling": [],
                "http_load_balancing": [],
                "network_policy_config": [
                  {
                    "disabled": true
                  }
                ]
              }
            ],
            "authenticator_groups_config": [],
            "cluster_autoscaling": [
              {
                "auto_provisioning_defaults": [],
                "enabled": false,
                "resource_limits": []
              }
            ],
            "cluster_ipv4_cidr": "10.0.0.0/14",
            "confidential_nodes": [],
            "database_encryption": [
              {
                "key_name": "",
                "state": "DECRYPTED"
              }
            ],
            "datapath_provider": "",
            "default_max_pods_per_node": null,
            "default_snat_status": [
              {
                "disabled": false
              }
            ],
            "description": "",
            "dns_config": [],
            "enable_autopilot": false,
            "enable_binary_authorization": false,
            "enable_intranode_visibility": false,
            "enable_kubernetes_alpha": false,
            "enable_legacy_abac": false,
            "enable_shielded_nodes": true,
            "enable_tpu": false,
            "endpoint": "34.68.116.194",
            "id": "projects/playground-s-11-fd286164/locations/us-central1/clusters/my-gke-cluster",
            "initial_node_count": 1,
            "ip_allocation_policy": [],
            "label_fingerprint": "a9dc16a7",
            "location": "us-central1",
            "logging_config": [
              {
                "enable_components": [
                  "SYSTEM_COMPONENTS",
                  "WORKLOADS"
                ]
              }
            ],
            "logging_service": "logging.googleapis.com/kubernetes",
            "maintenance_policy": [],
            "master_auth": [
              {
                "client_certificate": "",
                "client_certificate_config": [
                  {
                    "issue_client_certificate": false
                  }
                ],
                "client_key": "",
                "cluster_ca_certificate": "LS0tLS1CRUdJTiBDRVJUSUZJQ0FURS0tLS0tCk1JSUVMVENDQXBXZ0F3SUJBZ0lSQU56cm83aDVaZk5xcHovNmViYUNzOTh3RFFZSktvWklodmNOQVFFTEJRQXcKTHpFdE1Dc0dBMVVFQXhNa09UVTNaVEpsWVRBdE5UQTVOeTAwWm1FNUxXSTJNMkV0TlRreE16TTVZMk0xTlRrMgpNQ0FYRFRJeU1ETXdOREV6TXpjeU5sb1lEekl3TlRJd01qSTFNVFF6TnpJMldqQXZNUzB3S3dZRFZRUURFeVE1Ck5UZGxNbVZoTUMwMU1EazNMVFJtWVRrdFlqWXpZUzAxT1RFek16bGpZelUxT1RZd2dnR2lNQTBHQ1NxR1NJYjMKRFFFQkFRVUFBNElCandBd2dnR0tBb0lCZ1FDM29qR0JQVFZhajJrVXR6ZFNxdXJjaXdUWlpwcTRYOFcyRkpHQwpIdGJhMWtVaDBqaWh3T1hHK0l0amRZN0tmNllnS3VWQm5PUis1NkRDV2xPUitoc240SFhlMncyZGhQU2I1cXFQCjgvTi9HN05kSEJtb1JXb3lmVm52cUFVWXFTVE9yOFoxcFdueGJRWDJlekE3YkdCZkNXVUpKZnJFRmVwVzh1OE8KZDVoUVhXNmJHZG9WaGRCK3FKUVZxSW9YN1J1ckdla0ZCdXdIRk95RmRZK0RkQXhtK1pHa29KRG9DWC9yTDJkVwpVdXZ0aXRIN0pWelNxRStRdGRmVWF2Q2pxT2t6V3lxQ1FrdFpzdDJhR0l4QkZVNGpqMEFodjJsSzg4NTZsLzFmClA4NmZ2cDZ5ODBtZFBDVHdyRElmMW5tNGRod3NIanVmMHpqRXdIdmorRTZseDN5dTVOcUQzbldWNzJVeHNNam0Kb1BkdEJpNm5xZEs0Smc5dEtLODY0eGp5SCtIV094Q1BjL3pmV2J0QUVXQzQ2bVVFaFNTOUY5d3RTMnlzemlNegpkVkt4ZHJ0ZjdyOWRwN3U0VVk0bTRZaWhNdTJnczZoVTV0UG92L0gyVForaFM1ckVFbEp0ZmlpUC9VREpDV2pDCk16NjVCTER3bnM3WEhLYlkwK0RpV1hBOUlMVUNBd0VBQWFOQ01FQXdEZ1lEVlIwUEFRSC9CQVFEQWdJRU1BOEcKQTFVZEV3RUIvd1FGTUFNQkFmOHdIUVlEVlIwT0JCWUVGRlBqOXZlbThjVHd2WmR6OUg2c0hTb0RGQjBLTUEwRwpDU3FHU0liM0RRRUJDd1VBQTRJQmdRQWt5S2krWDVkaGZ6bUlxQ1RRelZ0cDlVbTBUQWV3QmQ1UUtqbUowK0NmCkVibTk5WDlqN0lJam4zRllGVEZNZERaUVd2eTBUUVpwS044Q3BZMDRwbEY1VzNNd29zL2tPTVhuWWp4QU1WZDcKZlV6S0pvNEI0aEREa0JTRkxWUXkxZERiS2tJN3RMaWJGR082Rmx0enl5TXVLSmdyUXBQYSszM09NSUsvNjl1VQp5VGJ0YmpQMDNMb2Q2bWhDQ1c1YWtZM0gyTjV2djhRMUxyYzhJSHk1d2lOcTdYVERHWTRVU0lNL01KVzhIQW9GCnZaVFliTUNXKzZZeThzMmJWVjR6UERuejAyeVZNbitBbU9NNVRyeENGeURNMVdvUnl3eGlnSWt0Z3ZUU3hGY2sKMU5rS1FEbUl0NDd0L00vdS9xQjdUME8yMEtpOHhVM1ZSb3BiTEFHM3l0amx0UGlCeWwwR3BoVmVnUjgxV3FvNQpIMW5yOG1KTlRHSGlSMWNhSFhDTjBpSDBES1VYN1NpTzUyYzE5NXJEckpBYmp3LzlIckdFeWFBRkJrMnJuY1hUCnR2MnAzNllKakpuT2hsNDNEQTB1WG1UTHhCalBTdXRYYlF6Rm1yZHBwMDlHdDlQU2F4YmtOM0U5K2hqMjlGSFEKcnZseWxQS0xOV0xpa2dkdlJ0ekVNNGc9Ci0tLS0tRU5EIENFUlRJRklDQVRFLS0tLS0K"
              }
            ],
            "master_authorized_networks_config": [],
            "master_version": "1.21.6-gke.1503",
            "min_master_version": null,
            "monitoring_config": [
              {
                "enable_components": [
                  "SYSTEM_COMPONENTS"
                ]
              }
            ],
            "monitoring_service": "monitoring.googleapis.com/kubernetes",
            "name": "my-gke-cluster",
            "network": "projects/playground-s-11-fd286164/global/networks/default",
            "network_policy": [
              {
                "enabled": false,
                "provider": "PROVIDER_UNSPECIFIED"
              }
            ],
            "networking_mode": "ROUTES",
            "node_config": [],
            "node_locations": [
              "us-central1-a",
              "us-central1-b",
              "us-central1-f"
            ],
            "node_pool": [],
            "node_version": "1.21.6-gke.1503",
            "operation": null,
            "private_cluster_config": [],
            "private_ipv6_google_access": "",
            "project": "playground-s-11-fd286164",
            "release_channel": [
              {
                "channel": "REGULAR"
              }
            ],
            "remove_default_node_pool": true,
            "resource_labels": null,
            "resource_usage_export_config": [],
            "self_link": "https://container.googleapis.com/v1/projects/playground-s-11-fd286164/locations/us-central1/clusters/my-gke-cluster",
            "services_ipv4_cidr": "10.3.240.0/20",
            "subnetwork": "projects/playground-s-11-fd286164/regions/us-central1/subnetworks/default",
            "timeouts": null,
            "tpu_ipv4_cidr_block": "",
            "vertical_pod_autoscaling": [],
            "workload_identity_config": []
          },
          "sensitive_attributes": [],
          "private": "eyJlMmJmYjczMC1lY2FhLTExZTYtOGY4OC0zNDM2M2JjN2M0YzAiOnsiY3JlYXRlIjoyNDAwMDAwMDAwMDAwLCJkZWxldGUiOjI0MDAwMDAwMDAwMDAsInJlYWQiOjI0MDAwMDAwMDAwMDAsInVwZGF0ZSI6MzYwMDAwMDAwMDAwMH0sInNjaGVtYV92ZXJzaW9uIjoiMSJ9"
        }
      ]
    },
    {
      "mode": "managed",
      "type": "google_container_node_pool",
      "name": "primary_preemptible_nodes",
      "provider": "provider[\"registry.terraform.io/hashicorp/google\"]",
      "instances": [
        {
          "schema_version": 1,
          "attributes": {
            "autoscaling": [],
            "cluster": "my-gke-cluster",
            "id": "projects/playground-s-11-fd286164/locations/us-central1/clusters/my-gke-cluster/nodePools/my-node-pool",
            "initial_node_count": 1,
            "instance_group_urls": [
              "https://www.googleapis.com/compute/v1/projects/playground-s-11-fd286164/zones/us-central1-a/instanceGroupManagers/gke-my-gke-cluster-my-node-pool-bce95a52-grp",
              "https://www.googleapis.com/compute/v1/projects/playground-s-11-fd286164/zones/us-central1-b/instanceGroupManagers/gke-my-gke-cluster-my-node-pool-7097f472-grp",
              "https://www.googleapis.com/compute/v1/projects/playground-s-11-fd286164/zones/us-central1-f/instanceGroupManagers/gke-my-gke-cluster-my-node-pool-c65661de-grp"
            ],
            "location": "us-central1",
            "managed_instance_group_urls": [
              "https://www.googleapis.com/compute/v1/projects/playground-s-11-fd286164/zones/us-central1-a/instanceGroups/gke-my-gke-cluster-my-node-pool-bce95a52-grp",
              "https://www.googleapis.com/compute/v1/projects/playground-s-11-fd286164/zones/us-central1-b/instanceGroups/gke-my-gke-cluster-my-node-pool-7097f472-grp",
              "https://www.googleapis.com/compute/v1/projects/playground-s-11-fd286164/zones/us-central1-f/instanceGroups/gke-my-gke-cluster-my-node-pool-c65661de-grp"
            ],
            "management": [
              {
                "auto_repair": true,
                "auto_upgrade": true
              }
            ],
            "max_pods_per_node": null,
            "name": "my-node-pool",
            "name_prefix": "",
            "node_config": [
              {
                "boot_disk_kms_key": "",
                "disk_size_gb": 100,
                "disk_type": "pd-standard",
                "gcfs_config": [],
                "guest_accelerator": [],
                "image_type": "COS_CONTAINERD",
                "labels": {},
                "local_ssd_count": 0,
                "machine_type": "e2-medium",
                "metadata": {
                  "disable-legacy-endpoints": "true"
                },
                "min_cpu_platform": "",
                "node_group": "",
                "oauth_scopes": [
                  "https://www.googleapis.com/auth/cloud-platform"
                ],
                "preemptible": true,
                "service_account": "service-account-id@playground-s-11-fd286164.iam.gserviceaccount.com",
                "shielded_instance_config": [
                  {
                    "enable_integrity_monitoring": true,
                    "enable_secure_boot": false
                  }
                ],
                "tags": null,
                "taint": [],
                "workload_metadata_config": []
              }
            ],
            "node_count": 1,
            "node_locations": [
              "us-central1-a",
              "us-central1-b",
              "us-central1-f"
            ],
            "operation": null,
            "project": "playground-s-11-fd286164",
            "timeouts": null,
            "upgrade_settings": [
              {
                "max_surge": 1,
                "max_unavailable": 0
              }
            ],
            "version": "1.21.6-gke.1503"
          },
          "sensitive_attributes": [],
          "private": "eyJlMmJmYjczMC1lY2FhLTExZTYtOGY4OC0zNDM2M2JjN2M0YzAiOnsiY3JlYXRlIjoxODAwMDAwMDAwMDAwLCJkZWxldGUiOjE4MDAwMDAwMDAwMDAsInVwZGF0ZSI6MTgwMDAwMDAwMDAwMH0sInNjaGVtYV92ZXJzaW9uIjoiMSJ9",
          "dependencies": [
            "google_container_cluster.primary",
            "google_service_account.default"
          ]
        }
      ]
    },
    {
      "mode": "managed",
      "type": "google_service_account",
      "name": "default",
      "provider": "provider[\"registry.terraform.io/hashicorp/google\"]",
      "instances": [
        {
          "schema_version": 0,
          "attributes": {
            "account_id": "service-account-id",
            "description": "",
            "disabled": false,
            "display_name": "Service Account",
            "email": "service-account-id@playground-s-11-fd286164.iam.gserviceaccount.com",
            "id": "projects/playground-s-11-fd286164/serviceAccounts/service-account-id@playground-s-11-fd286164.iam.gserviceaccount.com",
            "name": "projects/playground-s-11-fd286164/serviceAccounts/service-account-id@playground-s-11-fd286164.iam.gserviceaccount.com",
            "project": "playground-s-11-fd286164",
            "timeouts": null,
            "unique_id": "113289675222053002087"
          },
          "sensitive_attributes": [],
          "private": "eyJlMmJmYjczMC1lY2FhLTExZTYtOGY4OC0zNDM2M2JjN2M0YzAiOnsiY3JlYXRlIjozMDAwMDAwMDAwMDB9fQ=="
        }
      ]
    }
  ]
}
